
Microsoft Visual Studio Solution File, Format Version 12.00
# Visual Studio Version 17
VisualStudioVersion = 17.2.32616.157
MinimumVisualStudioVersion = 10.0.40219.1
Project("{FAE04EC0-301F-11D3-BF4B-00C04F79EFBC}") = "IntroEFCF", "IntroEFCF\IntroEFCF.csproj", "{279272AB-9575-47AD-8251-083AAFE79F80}"
EndProject
Global
	GlobalSection(SolutionConfigurationPlatforms) = preSolution
		Debug|Any CPU = Debug|Any CPU
		Release|Any CPU = Release|Any CPU
	EndGlobalSection
	GlobalSection(ProjectConfigurationPlatforms) = postSolution
		{279272AB-9575-47AD-8251-083AAFE79F80}.Debug|Any CPU.ActiveCfg = Debug|Any CPU
		{279272AB-9575-47AD-8251-083AAFE79F80}.Debug|Any CPU.Build.0 = Debug|Any CPU
		{279272AB-9575-47AD-8251-083AAFE79F80}.Release|Any CPU.ActiveCfg = Release|Any CPU
		{279272AB-9575-47AD-8251-083AAFE79F80}.Release|Any CPU.Build.0 = Release|Any CPU
	EndGlobalSection
	GlobalSection(SolutionProperties) = preSolution
		HideSolutionNode = FALSE
	EndGlobalSection
	GlobalSection(ExtensibilityGlobals) = postSolution
		SolutionGuid = {12CC2FFE-4A86-4422-B014-3771415174E2}
	EndGlobalSection
EndGlobal
