
Microsoft Visual Studio Solution File, Format Version 12.00
# Visual Studio Version 17
VisualStudioVersion = 17.2.32616.157
MinimumVisualStudioVersion = 10.0.40219.1
Project("{FAE04EC0-301F-11D3-BF4B-00C04F79EFBC}") = "IntroMVC", "IntroMVC\IntroMVC.csproj", "{8B332C3D-D79F-4DC6-8A8D-DCAEBF480158}"
EndProject
Global
	GlobalSection(SolutionConfigurationPlatforms) = preSolution
		Debug|Any CPU = Debug|Any CPU
		Release|Any CPU = Release|Any CPU
	EndGlobalSection
	GlobalSection(ProjectConfigurationPlatforms) = postSolution
		{8B332C3D-D79F-4DC6-8A8D-DCAEBF480158}.Debug|Any CPU.ActiveCfg = Debug|Any CPU
		{8B332C3D-D79F-4DC6-8A8D-DCAEBF480158}.Debug|Any CPU.Build.0 = Debug|Any CPU
		{8B332C3D-D79F-4DC6-8A8D-DCAEBF480158}.Release|Any CPU.ActiveCfg = Release|Any CPU
		{8B332C3D-D79F-4DC6-8A8D-DCAEBF480158}.Release|Any CPU.Build.0 = Release|Any CPU
	EndGlobalSection
	GlobalSection(SolutionProperties) = preSolution
		HideSolutionNode = FALSE
	EndGlobalSection
	GlobalSection(ExtensibilityGlobals) = postSolution
		SolutionGuid = {74255108-7CCD-4AF5-A65D-EF292A6DD5C7}
	EndGlobalSection
EndGlobal
