
Microsoft Visual Studio Solution File, Format Version 12.00
# Visual Studio Version 17
VisualStudioVersion = 17.2.32616.157
MinimumVisualStudioVersion = 10.0.40219.1
Project("{FAE04EC0-301F-11D3-BF4B-00C04F79EFBC}") = "IntroTier", "IntroTier\IntroTier.csproj", "{A47251E5-493A-4722-9D2D-D4CED70A6EA0}"
EndProject
Project("{FAE04EC0-301F-11D3-BF4B-00C04F79EFBC}") = "BLL", "BLL\BLL.csproj", "{0E3AF948-C43F-49A7-ACBC-C7F2F51A7A4A}"
EndProject
Project("{FAE04EC0-301F-11D3-BF4B-00C04F79EFBC}") = "DAL", "DAL\DAL.csproj", "{6BBB2CAF-A789-43A7-A82C-59D3AC946E7B}"
EndProject
Global
	GlobalSection(SolutionConfigurationPlatforms) = preSolution
		Debug|Any CPU = Debug|Any CPU
		Release|Any CPU = Release|Any CPU
	EndGlobalSection
	GlobalSection(ProjectConfigurationPlatforms) = postSolution
		{A47251E5-493A-4722-9D2D-D4CED70A6EA0}.Debug|Any CPU.ActiveCfg = Debug|Any CPU
		{A47251E5-493A-4722-9D2D-D4CED70A6EA0}.Debug|Any CPU.Build.0 = Debug|Any CPU
		{A47251E5-493A-4722-9D2D-D4CED70A6EA0}.Release|Any CPU.ActiveCfg = Release|Any CPU
		{A47251E5-493A-4722-9D2D-D4CED70A6EA0}.Release|Any CPU.Build.0 = Release|Any CPU
		{0E3AF948-C43F-49A7-ACBC-C7F2F51A7A4A}.Debug|Any CPU.ActiveCfg = Debug|Any CPU
		{0E3AF948-C43F-49A7-ACBC-C7F2F51A7A4A}.Debug|Any CPU.Build.0 = Debug|Any CPU
		{0E3AF948-C43F-49A7-ACBC-C7F2F51A7A4A}.Release|Any CPU.ActiveCfg = Release|Any CPU
		{0E3AF948-C43F-49A7-ACBC-C7F2F51A7A4A}.Release|Any CPU.Build.0 = Release|Any CPU
		{6BBB2CAF-A789-43A7-A82C-59D3AC946E7B}.Debug|Any CPU.ActiveCfg = Debug|Any CPU
		{6BBB2CAF-A789-43A7-A82C-59D3AC946E7B}.Debug|Any CPU.Build.0 = Debug|Any CPU
		{6BBB2CAF-A789-43A7-A82C-59D3AC946E7B}.Release|Any CPU.ActiveCfg = Release|Any CPU
		{6BBB2CAF-A789-43A7-A82C-59D3AC946E7B}.Release|Any CPU.Build.0 = Release|Any CPU
	EndGlobalSection
	GlobalSection(SolutionProperties) = preSolution
		HideSolutionNode = FALSE
	EndGlobalSection
	GlobalSection(ExtensibilityGlobals) = postSolution
		SolutionGuid = {3BCC16B1-E99D-4A78-9693-A1B2E6A14F4B}
	EndGlobalSection
EndGlobal
